
Microsoft Visual Studio Solution File, Format Version 12.00
# Visual Studio Version 16
VisualStudioVersion = 16.0.29905.134
MinimumVisualStudioVersion = 10.0.40219.1
Project("{F2A71F9B-5D33-465A-A702-920D77279786}") = "ConsoleApp", "src\ConsoleApp\ConsoleApp.fsproj", "{57F83798-04C3-481B-B7FF-5A543719A285}"
EndProject
Global
	GlobalSection(SolutionConfigurationPlatforms) = preSolution
		Debug|Any CPU = Debug|Any CPU
		Release|Any CPU = Release|Any CPU
	EndGlobalSection
	GlobalSection(ProjectConfigurationPlatforms) = postSolution
		{57F83798-04C3-481B-B7FF-5A543719A285}.Debug|Any CPU.ActiveCfg = Debug|Any CPU
		{57F83798-04C3-481B-B7FF-5A543719A285}.Debug|Any CPU.Build.0 = Debug|Any CPU
		{57F83798-04C3-481B-B7FF-5A543719A285}.Release|Any CPU.ActiveCfg = Release|Any CPU
		{57F83798-04C3-481B-B7FF-5A543719A285}.Release|Any CPU.Build.0 = Release|Any CPU
	EndGlobalSection
	GlobalSection(SolutionProperties) = preSolution
		HideSolutionNode = FALSE
	EndGlobalSection
	GlobalSection(ExtensibilityGlobals) = postSolution
		SolutionGuid = {03979148-7DB4-4100-9B26-BB019974D794}
	EndGlobalSection
EndGlobal
