
Microsoft Visual Studio Solution File, Format Version 12.00
# Visual Studio Version 17
VisualStudioVersion = 17.0.32112.339
MinimumVisualStudioVersion = 10.0.40219.1
Project("{6EC3EE1D-3C4E-46DD-8F32-0CC8E7565705}") = "ConsoleApp", "src\ConsoleApp\ConsoleApp.fsproj", "{4F691D54-A92E-42BB-8493-568D8DDD6B35}"
EndProject
Project("{6EC3EE1D-3C4E-46DD-8F32-0CC8E7565705}") = "Common", "..\Common\src\Common\Common.fsproj", "{A7924275-B07A-4102-B6A5-1464F02EC168}"
EndProject
Global
	GlobalSection(SolutionConfigurationPlatforms) = preSolution
		Debug|Any CPU = Debug|Any CPU
		Release|Any CPU = Release|Any CPU
	EndGlobalSection
	GlobalSection(ProjectConfigurationPlatforms) = postSolution
		{4F691D54-A92E-42BB-8493-568D8DDD6B35}.Debug|Any CPU.ActiveCfg = Debug|Any CPU
		{4F691D54-A92E-42BB-8493-568D8DDD6B35}.Debug|Any CPU.Build.0 = Debug|Any CPU
		{4F691D54-A92E-42BB-8493-568D8DDD6B35}.Release|Any CPU.ActiveCfg = Release|Any CPU
		{4F691D54-A92E-42BB-8493-568D8DDD6B35}.Release|Any CPU.Build.0 = Release|Any CPU
		{A7924275-B07A-4102-B6A5-1464F02EC168}.Debug|Any CPU.ActiveCfg = Debug|Any CPU
		{A7924275-B07A-4102-B6A5-1464F02EC168}.Debug|Any CPU.Build.0 = Debug|Any CPU
		{A7924275-B07A-4102-B6A5-1464F02EC168}.Release|Any CPU.ActiveCfg = Release|Any CPU
		{A7924275-B07A-4102-B6A5-1464F02EC168}.Release|Any CPU.Build.0 = Release|Any CPU
	EndGlobalSection
	GlobalSection(SolutionProperties) = preSolution
		HideSolutionNode = FALSE
	EndGlobalSection
	GlobalSection(ExtensibilityGlobals) = postSolution
		SolutionGuid = {D8228D68-0E61-493E-9689-96BCE67E15C3}
	EndGlobalSection
EndGlobal
