
Microsoft Visual Studio Solution File, Format Version 12.00
# Visual Studio Version 17
VisualStudioVersion = 17.0.31903.59
MinimumVisualStudioVersion = 10.0.40219.1
Project("{6EC3EE1D-3C4E-46DD-8F32-0CC8E7565705}") = "Common", "..\Common\Common.fsproj", "{EAB8AC7C-4658-4922-9A69-E46620BFCF8E}"
EndProject
Project("{6EC3EE1D-3C4E-46DD-8F32-0CC8E7565705}") = "ConsoleApp", "ConsoleApp.fsproj", "{6F97A639-A968-4DAA-B398-18FDEB3B8F50}"
EndProject
Global
	GlobalSection(SolutionConfigurationPlatforms) = preSolution
		Debug|Any CPU = Debug|Any CPU
		Release|Any CPU = Release|Any CPU
	EndGlobalSection
	GlobalSection(ProjectConfigurationPlatforms) = postSolution
		{EAB8AC7C-4658-4922-9A69-E46620BFCF8E}.Debug|Any CPU.ActiveCfg = Debug|Any CPU
		{EAB8AC7C-4658-4922-9A69-E46620BFCF8E}.Debug|Any CPU.Build.0 = Debug|Any CPU
		{EAB8AC7C-4658-4922-9A69-E46620BFCF8E}.Release|Any CPU.ActiveCfg = Release|Any CPU
		{EAB8AC7C-4658-4922-9A69-E46620BFCF8E}.Release|Any CPU.Build.0 = Release|Any CPU
		{6F97A639-A968-4DAA-B398-18FDEB3B8F50}.Debug|Any CPU.ActiveCfg = Debug|Any CPU
		{6F97A639-A968-4DAA-B398-18FDEB3B8F50}.Debug|Any CPU.Build.0 = Debug|Any CPU
		{6F97A639-A968-4DAA-B398-18FDEB3B8F50}.Release|Any CPU.ActiveCfg = Release|Any CPU
		{6F97A639-A968-4DAA-B398-18FDEB3B8F50}.Release|Any CPU.Build.0 = Release|Any CPU
	EndGlobalSection
	GlobalSection(SolutionProperties) = preSolution
		HideSolutionNode = FALSE
	EndGlobalSection
	GlobalSection(ExtensibilityGlobals) = postSolution
		SolutionGuid = {1A4E8C78-28E4-4322-ABBA-DCAFCDEC1552}
	EndGlobalSection
EndGlobal
