
Microsoft Visual Studio Solution File, Format Version 12.00
# Visual Studio Version 17
VisualStudioVersion = 17.2.32602.215
MinimumVisualStudioVersion = 10.0.40219.1
Project("{6EC3EE1D-3C4E-46DD-8F32-0CC8E7565705}") = "ConsoleApp", "src\ConsoleApp\ConsoleApp.fsproj", "{5D15A9E9-C6FB-43C0-8862-3D8A3477586F}"
EndProject
Project("{6EC3EE1D-3C4E-46DD-8F32-0CC8E7565705}") = "Common", "..\Common\src\Common\Common.fsproj", "{99246DE5-42D2-4041-9B87-17B18539E481}"
EndProject
Global
	GlobalSection(SolutionConfigurationPlatforms) = preSolution
		Debug|Any CPU = Debug|Any CPU
		Release|Any CPU = Release|Any CPU
	EndGlobalSection
	GlobalSection(ProjectConfigurationPlatforms) = postSolution
		{5D15A9E9-C6FB-43C0-8862-3D8A3477586F}.Debug|Any CPU.ActiveCfg = Debug|Any CPU
		{5D15A9E9-C6FB-43C0-8862-3D8A3477586F}.Debug|Any CPU.Build.0 = Debug|Any CPU
		{5D15A9E9-C6FB-43C0-8862-3D8A3477586F}.Release|Any CPU.ActiveCfg = Release|Any CPU
		{5D15A9E9-C6FB-43C0-8862-3D8A3477586F}.Release|Any CPU.Build.0 = Release|Any CPU
		{99246DE5-42D2-4041-9B87-17B18539E481}.Debug|Any CPU.ActiveCfg = Debug|Any CPU
		{99246DE5-42D2-4041-9B87-17B18539E481}.Debug|Any CPU.Build.0 = Debug|Any CPU
		{99246DE5-42D2-4041-9B87-17B18539E481}.Release|Any CPU.ActiveCfg = Release|Any CPU
		{99246DE5-42D2-4041-9B87-17B18539E481}.Release|Any CPU.Build.0 = Release|Any CPU
	EndGlobalSection
	GlobalSection(SolutionProperties) = preSolution
		HideSolutionNode = FALSE
	EndGlobalSection
	GlobalSection(ExtensibilityGlobals) = postSolution
		SolutionGuid = {67BDAD5C-28B2-4D52-9858-18513FA4A61C}
	EndGlobalSection
EndGlobal
