
Microsoft Visual Studio Solution File, Format Version 12.00
# Visual Studio Version 16
VisualStudioVersion = 16.0.29905.134
MinimumVisualStudioVersion = 10.0.40219.1
Project("{F2A71F9B-5D33-465A-A702-920D77279786}") = "ConsoleApp", "src\ConsoleApp\ConsoleApp.fsproj", "{A1FBCA49-21F9-4701-9081-43F33C6DB235}"
EndProject
Global
	GlobalSection(SolutionConfigurationPlatforms) = preSolution
		Debug|Any CPU = Debug|Any CPU
		Release|Any CPU = Release|Any CPU
	EndGlobalSection
	GlobalSection(ProjectConfigurationPlatforms) = postSolution
		{A1FBCA49-21F9-4701-9081-43F33C6DB235}.Debug|Any CPU.ActiveCfg = Debug|Any CPU
		{A1FBCA49-21F9-4701-9081-43F33C6DB235}.Debug|Any CPU.Build.0 = Debug|Any CPU
		{A1FBCA49-21F9-4701-9081-43F33C6DB235}.Release|Any CPU.ActiveCfg = Release|Any CPU
		{A1FBCA49-21F9-4701-9081-43F33C6DB235}.Release|Any CPU.Build.0 = Release|Any CPU
	EndGlobalSection
	GlobalSection(SolutionProperties) = preSolution
		HideSolutionNode = FALSE
	EndGlobalSection
	GlobalSection(ExtensibilityGlobals) = postSolution
		SolutionGuid = {CD0A39E7-359D-4F6D-8107-87AAC92EB707}
	EndGlobalSection
EndGlobal
