
Microsoft Visual Studio Solution File, Format Version 12.00
# Visual Studio 15
VisualStudioVersion = 15.0.28307.102
MinimumVisualStudioVersion = 10.0.40219.1
Project("{F2A71F9B-5D33-465A-A702-920D77279786}") = "ConsoleApp", "src\ConsoleApp\ConsoleApp.fsproj", "{8837FF34-DD9A-46B8-BA23-A0BBDFE9E7B5}"
EndProject
Global
	GlobalSection(SolutionConfigurationPlatforms) = preSolution
		Debug|Any CPU = Debug|Any CPU
		Release|Any CPU = Release|Any CPU
	EndGlobalSection
	GlobalSection(ProjectConfigurationPlatforms) = postSolution
		{8837FF34-DD9A-46B8-BA23-A0BBDFE9E7B5}.Debug|Any CPU.ActiveCfg = Debug|Any CPU
		{8837FF34-DD9A-46B8-BA23-A0BBDFE9E7B5}.Debug|Any CPU.Build.0 = Debug|Any CPU
		{8837FF34-DD9A-46B8-BA23-A0BBDFE9E7B5}.Release|Any CPU.ActiveCfg = Release|Any CPU
		{8837FF34-DD9A-46B8-BA23-A0BBDFE9E7B5}.Release|Any CPU.Build.0 = Release|Any CPU
	EndGlobalSection
	GlobalSection(SolutionProperties) = preSolution
		HideSolutionNode = FALSE
	EndGlobalSection
	GlobalSection(ExtensibilityGlobals) = postSolution
		SolutionGuid = {93737257-E1A6-46C5-B6DF-018BF44A323F}
	EndGlobalSection
EndGlobal
