
Microsoft Visual Studio Solution File, Format Version 12.00
# Visual Studio Version 17
VisualStudioVersion = 17.0.32112.339
MinimumVisualStudioVersion = 10.0.40219.1
Project("{6EC3EE1D-3C4E-46DD-8F32-0CC8E7565705}") = "ConsoleApp", "src\ConsoleApp\ConsoleApp.fsproj", "{A62DD93A-F22D-409D-93B2-7FDEEFAFB491}"
EndProject
Global
	GlobalSection(SolutionConfigurationPlatforms) = preSolution
		Debug|Any CPU = Debug|Any CPU
		Release|Any CPU = Release|Any CPU
	EndGlobalSection
	GlobalSection(ProjectConfigurationPlatforms) = postSolution
		{A62DD93A-F22D-409D-93B2-7FDEEFAFB491}.Debug|Any CPU.ActiveCfg = Debug|Any CPU
		{A62DD93A-F22D-409D-93B2-7FDEEFAFB491}.Debug|Any CPU.Build.0 = Debug|Any CPU
		{A62DD93A-F22D-409D-93B2-7FDEEFAFB491}.Release|Any CPU.ActiveCfg = Release|Any CPU
		{A62DD93A-F22D-409D-93B2-7FDEEFAFB491}.Release|Any CPU.Build.0 = Release|Any CPU
	EndGlobalSection
	GlobalSection(SolutionProperties) = preSolution
		HideSolutionNode = FALSE
	EndGlobalSection
	GlobalSection(ExtensibilityGlobals) = postSolution
		SolutionGuid = {8FD8ACF6-CAF0-4DA6-8ED0-CD715C3E2E6F}
	EndGlobalSection
EndGlobal
