
Microsoft Visual Studio Solution File, Format Version 12.00
# Visual Studio Version 17
VisualStudioVersion = 17.0.32112.339
MinimumVisualStudioVersion = 10.0.40219.1
Project("{6EC3EE1D-3C4E-46DD-8F32-0CC8E7565705}") = "ConsoleApp", "src\ConsoleApp\ConsoleApp.fsproj", "{626AB298-E413-47F8-9A02-018ADDF3094B}"
EndProject
Global
	GlobalSection(SolutionConfigurationPlatforms) = preSolution
		Debug|Any CPU = Debug|Any CPU
		Release|Any CPU = Release|Any CPU
	EndGlobalSection
	GlobalSection(ProjectConfigurationPlatforms) = postSolution
		{626AB298-E413-47F8-9A02-018ADDF3094B}.Debug|Any CPU.ActiveCfg = Debug|Any CPU
		{626AB298-E413-47F8-9A02-018ADDF3094B}.Debug|Any CPU.Build.0 = Debug|Any CPU
		{626AB298-E413-47F8-9A02-018ADDF3094B}.Release|Any CPU.ActiveCfg = Release|Any CPU
		{626AB298-E413-47F8-9A02-018ADDF3094B}.Release|Any CPU.Build.0 = Release|Any CPU
	EndGlobalSection
	GlobalSection(SolutionProperties) = preSolution
		HideSolutionNode = FALSE
	EndGlobalSection
	GlobalSection(ExtensibilityGlobals) = postSolution
		SolutionGuid = {8B3B0DA0-2AF6-40AA-A646-29D08B4AED09}
	EndGlobalSection
EndGlobal
